// !$*UTF8*$!
{
	archiveVersion = 1;
	classes = {
	};
	objectVersion = 55;
	objects = {

/* Begin PBXBuildFile section */
		3704698C26EBB7B100BC3015 /* EmptyContentView.swift in Sources */ = {isa = PBXBuildFile; fileRef = 3704698B26EBB7B100BC3015 /* EmptyContentView.swift */; };
		37D4C5BC27A45038007EE34B /* AppFeature in Frameworks */ = {isa = PBXBuildFile; productRef = 37D4C5BB27A45038007EE34B /* AppFeature */; };
		37FC538426D39AE30061CDD7 /* Assets.xcassets in Resources */ = {isa = PBXBuildFile; fileRef = 37FC537426D39AE30061CDD7 /* Assets.xcassets */; };
		37FC538526D39AE30061CDD7 /* Preview Assets.xcassets in Resources */ = {isa = PBXBuildFile; fileRef = 37FC537626D39AE30061CDD7 /* Preview Assets.xcassets */; };
		37FC538626D39AE30061CDD7 /* Localizable.strings in Resources */ = {isa = PBXBuildFile; fileRef = 37FC537726D39AE30061CDD7 /* Localizable.strings */; };
		37FC538726D39AE30061CDD7 /* App.swift in Sources */ = {isa = PBXBuildFile; fileRef = 37FC537826D39AE30061CDD7 /* App.swift */; };
		37FC538C26D39AE30061CDD7 /* BottomSheetPresenter.swift in Sources */ = {isa = PBXBuildFile; fileRef = 37FC538026D39AE30061CDD7 /* BottomSheetPresenter.swift */; };
/* End PBXBuildFile section */

/* Begin PBXFileReference section */
		3704698B26EBB7B100BC3015 /* EmptyContentView.swift */ = {isa = PBXFileReference; lastKnownFileType = sourcecode.swift; path = EmptyContentView.swift; sourceTree = "<group>"; };
		37A8B74E2733BDE400F881EC /* Info.plist */ = {isa = PBXFileReference; lastKnownFileType = text.plist; path = Info.plist; sourceTree = "<group>"; };
		37E3D1B526CC025B0084DAB5 /* Reverie.app */ = {isa = PBXFileReference; explicitFileType = wrapper.application; includeInIndex = 0; path = Reverie.app; sourceTree = BUILT_PRODUCTS_DIR; };
		37FC537426D39AE30061CDD7 /* Assets.xcassets */ = {isa = PBXFileReference; lastKnownFileType = folder.assetcatalog; path = Assets.xcassets; sourceTree = "<group>"; };
		37FC537626D39AE30061CDD7 /* Preview Assets.xcassets */ = {isa = PBXFileReference; lastKnownFileType = folder.assetcatalog; path = "Preview Assets.xcassets"; sourceTree = "<group>"; };
		37FC537726D39AE30061CDD7 /* Localizable.strings */ = {isa = PBXFileReference; fileEncoding = 4; lastKnownFileType = text.plist.strings; path = Localizable.strings; sourceTree = "<group>"; };
		37FC537826D39AE30061CDD7 /* App.swift */ = {isa = PBXFileReference; fileEncoding = 4; lastKnownFileType = sourcecode.swift; path = App.swift; sourceTree = "<group>"; };
		37FC538026D39AE30061CDD7 /* BottomSheetPresenter.swift */ = {isa = PBXFileReference; fileEncoding = 4; lastKnownFileType = sourcecode.swift; path = BottomSheetPresenter.swift; sourceTree = "<group>"; };
		37FC538D26D39AEB0061CDD7 /* ReverieKit */ = {isa = PBXFileReference; lastKnownFileType = folder; path = ReverieKit; sourceTree = "<group>"; };
/* End PBXFileReference section */

/* Begin PBXFrameworksBuildPhase section */
		37E3D1B226CC025B0084DAB5 /* Frameworks */ = {
			isa = PBXFrameworksBuildPhase;
			buildActionMask = 2147483647;
			files = (
				37D4C5BC27A45038007EE34B /* AppFeature in Frameworks */,
			);
			runOnlyForDeploymentPostprocessing = 0;
		};
/* End PBXFrameworksBuildPhase section */

/* Begin PBXGroup section */
		37E3D1AC26CC025B0084DAB5 = {
			isa = PBXGroup;
			children = (
				37FC538D26D39AEB0061CDD7 /* ReverieKit */,
				37FC536E26D39AE30061CDD7 /* Reverie */,
				37E3D1B626CC025B0084DAB5 /* Products */,
				37E3D1C926CC18490084DAB5 /* Frameworks */,
			);
			sourceTree = "<group>";
		};
		37E3D1B626CC025B0084DAB5 /* Products */ = {
			isa = PBXGroup;
			children = (
				37E3D1B526CC025B0084DAB5 /* Reverie.app */,
			);
			name = Products;
			sourceTree = "<group>";
		};
		37E3D1C926CC18490084DAB5 /* Frameworks */ = {
			isa = PBXGroup;
			children = (
			);
			name = Frameworks;
			sourceTree = "<group>";
		};
		37FC536E26D39AE30061CDD7 /* Reverie */ = {
			isa = PBXGroup;
			children = (
				37A8B74E2733BDE400F881EC /* Info.plist */,
				37FC537326D39AE30061CDD7 /* Resources */,
				37FC537826D39AE30061CDD7 /* App.swift */,
				37FC537F26D39AE30061CDD7 /* Views */,
			);
			path = Reverie;
			sourceTree = "<group>";
		};
		37FC537326D39AE30061CDD7 /* Resources */ = {
			isa = PBXGroup;
			children = (
				37FC537426D39AE30061CDD7 /* Assets.xcassets */,
				37FC537526D39AE30061CDD7 /* Preview Content */,
				37FC537726D39AE30061CDD7 /* Localizable.strings */,
			);
			path = Resources;
			sourceTree = "<group>";
		};
		37FC537526D39AE30061CDD7 /* Preview Content */ = {
			isa = PBXGroup;
			children = (
				37FC537626D39AE30061CDD7 /* Preview Assets.xcassets */,
			);
			path = "Preview Content";
			sourceTree = "<group>";
		};
		37FC537F26D39AE30061CDD7 /* Views */ = {
			isa = PBXGroup;
			children = (
				37FC538026D39AE30061CDD7 /* BottomSheetPresenter.swift */,
				3704698B26EBB7B100BC3015 /* EmptyContentView.swift */,
			);
			path = Views;
			sourceTree = "<group>";
		};
/* End PBXGroup section */

/* Begin PBXNativeTarget section */
		37E3D1B426CC025B0084DAB5 /* Reverie */ = {
			isa = PBXNativeTarget;
			buildConfigurationList = 37E3D1C326CC025D0084DAB5 /* Build configuration list for PBXNativeTarget "Reverie" */;
			buildPhases = (
				37E3D1B126CC025B0084DAB5 /* Sources */,
				37E3D1B226CC025B0084DAB5 /* Frameworks */,
				37E3D1B326CC025B0084DAB5 /* Resources */,
			);
			buildRules = (
			);
			dependencies = (
			);
			name = Reverie;
			packageProductDependencies = (
				37D4C5BB27A45038007EE34B /* AppFeature */,
			);
			productName = Resoundly;
			productReference = 37E3D1B526CC025B0084DAB5 /* Reverie.app */;
			productType = "com.apple.product-type.application";
		};
/* End PBXNativeTarget section */

/* Begin PBXProject section */
		37E3D1AD26CC025B0084DAB5 /* Project object */ = {
			isa = PBXProject;
			attributes = {
				BuildIndependentTargetsInParallel = 1;
				LastSwiftUpdateCheck = 1300;
				LastUpgradeCheck = 1300;
				TargetAttributes = {
					37E3D1B426CC025B0084DAB5 = {
						CreatedOnToolsVersion = 13.0;
					};
				};
			};
			buildConfigurationList = 37E3D1B026CC025B0084DAB5 /* Build configuration list for PBXProject "Reverie" */;
			compatibilityVersion = "Xcode 13.0";
			developmentRegion = en;
			hasScannedForEncodings = 0;
			knownRegions = (
				en,
				Base,
			);
			mainGroup = 37E3D1AC26CC025B0084DAB5;
			packageReferences = (
			);
			productRefGroup = 37E3D1B626CC025B0084DAB5 /* Products */;
			projectDirPath = "";
			projectRoot = "";
			targets = (
				37E3D1B426CC025B0084DAB5 /* Reverie */,
			);
		};
/* End PBXProject section */

/* Begin PBXResourcesBuildPhase section */
		37E3D1B326CC025B0084DAB5 /* Resources */ = {
			isa = PBXResourcesBuildPhase;
			buildActionMask = 2147483647;
			files = (
				37FC538526D39AE30061CDD7 /* Preview Assets.xcassets in Resources */,
				37FC538626D39AE30061CDD7 /* Localizable.strings in Resources */,
				37FC538426D39AE30061CDD7 /* Assets.xcassets in Resources */,
			);
			runOnlyForDeploymentPostprocessing = 0;
		};
/* End PBXResourcesBuildPhase section */

/* Begin PBXSourcesBuildPhase section */
		37E3D1B126CC025B0084DAB5 /* Sources */ = {
			isa = PBXSourcesBuildPhase;
			buildActionMask = 2147483647;
			files = (
				37FC538C26D39AE30061CDD7 /* BottomSheetPresenter.swift in Sources */,
				3704698C26EBB7B100BC3015 /* EmptyContentView.swift in Sources */,
				37FC538726D39AE30061CDD7 /* App.swift in Sources */,
			);
			runOnlyForDeploymentPostprocessing = 0;
		};
/* End PBXSourcesBuildPhase section */

/* Begin XCBuildConfiguration section */
		37E3D1C126CC025D0084DAB5 /* Debug */ = {
			isa = XCBuildConfiguration;
			buildSettings = {
				ALWAYS_SEARCH_USER_PATHS = NO;
				CLANG_ANALYZER_NONNULL = YES;
				CLANG_ANALYZER_NUMBER_OBJECT_CONVERSION = YES_AGGRESSIVE;
				CLANG_CXX_LANGUAGE_STANDARD = "gnu++17";
				CLANG_CXX_LIBRARY = "libc++";
				CLANG_ENABLE_MODULES = YES;
				CLANG_ENABLE_OBJC_ARC = YES;
				CLANG_ENABLE_OBJC_WEAK = YES;
				CLANG_WARN_BLOCK_CAPTURE_AUTORELEASING = YES;
				CLANG_WARN_BOOL_CONVERSION = YES;
				CLANG_WARN_COMMA = YES;
				CLANG_WARN_CONSTANT_CONVERSION = YES;
				CLANG_WARN_DEPRECATED_OBJC_IMPLEMENTATIONS = YES;
				CLANG_WARN_DIRECT_OBJC_ISA_USAGE = YES_ERROR;
				CLANG_WARN_DOCUMENTATION_COMMENTS = YES;
				CLANG_WARN_EMPTY_BODY = YES;
				CLANG_WARN_ENUM_CONVERSION = YES;
				CLANG_WARN_INFINITE_RECURSION = YES;
				CLANG_WARN_INT_CONVERSION = YES;
				CLANG_WARN_NON_LITERAL_NULL_CONVERSION = YES;
				CLANG_WARN_OBJC_IMPLICIT_RETAIN_SELF = YES;
				CLANG_WARN_OBJC_LITERAL_CONVERSION = YES;
				CLANG_WARN_OBJC_ROOT_CLASS = YES_ERROR;
				CLANG_WARN_QUOTED_INCLUDE_IN_FRAMEWORK_HEADER = YES;
				CLANG_WARN_RANGE_LOOP_ANALYSIS = YES;
				CLANG_WARN_STRICT_PROTOTYPES = YES;
				CLANG_WARN_SUSPICIOUS_MOVE = YES;
				CLANG_WARN_UNGUARDED_AVAILABILITY = YES_AGGRESSIVE;
				CLANG_WARN_UNREACHABLE_CODE = YES;
				CLANG_WARN__DUPLICATE_METHOD_MATCH = YES;
				COPY_PHASE_STRIP = NO;
				DEBUG_INFORMATION_FORMAT = dwarf;
				ENABLE_STRICT_OBJC_MSGSEND = YES;
				ENABLE_TESTABILITY = YES;
				GCC_C_LANGUAGE_STANDARD = gnu11;
				GCC_DYNAMIC_NO_PIC = NO;
				GCC_NO_COMMON_BLOCKS = YES;
				GCC_OPTIMIZATION_LEVEL = 0;
				GCC_PREPROCESSOR_DEFINITIONS = (
					"DEBUG=1",
					"$(inherited)",
				);
				GCC_WARN_64_TO_32_BIT_CONVERSION = YES;
				GCC_WARN_ABOUT_RETURN_TYPE = YES_ERROR;
				GCC_WARN_UNDECLARED_SELECTOR = YES;
				GCC_WARN_UNINITIALIZED_AUTOS = YES_AGGRESSIVE;
				GCC_WARN_UNUSED_FUNCTION = YES;
				GCC_WARN_UNUSED_VARIABLE = YES;
				IPHONEOS_DEPLOYMENT_TARGET = 15.0;
				MTL_ENABLE_DEBUG_INFO = INCLUDE_SOURCE;
				MTL_FAST_MATH = YES;
				ONLY_ACTIVE_ARCH = YES;
				SDKROOT = iphoneos;
				SWIFT_ACTIVE_COMPILATION_CONDITIONS = DEBUG;
				SWIFT_OPTIMIZATION_LEVEL = "-Onone";
			};
			name = Debug;
		};
		37E3D1C226CC025D0084DAB5 /* Release */ = {
			isa = XCBuildConfiguration;
			buildSettings = {
				ALWAYS_SEARCH_USER_PATHS = NO;
				CLANG_ANALYZER_NONNULL = YES;
				CLANG_ANALYZER_NUMBER_OBJECT_CONVERSION = YES_AGGRESSIVE;
				CLANG_CXX_LANGUAGE_STANDARD = "gnu++17";
				CLANG_CXX_LIBRARY = "libc++";
				CLANG_ENABLE_MODULES = YES;
				CLANG_ENABLE_OBJC_ARC = YES;
				CLANG_ENABLE_OBJC_WEAK = YES;
				CLANG_WARN_BLOCK_CAPTURE_AUTORELEASING = YES;
				CLANG_WARN_BOOL_CONVERSION = YES;
				CLANG_WARN_COMMA = YES;
				CLANG_WARN_CONSTANT_CONVERSION = YES;
				CLANG_WARN_DEPRECATED_OBJC_IMPLEMENTATIONS = YES;
				CLANG_WARN_DIRECT_OBJC_ISA_USAGE = YES_ERROR;
				CLANG_WARN_DOCUMENTATION_COMMENTS = YES;
				CLANG_WARN_EMPTY_BODY = YES;
				CLANG_WARN_ENUM_CONVERSION = YES;
				CLANG_WARN_INFINITE_RECURSION = YES;
				CLANG_WARN_INT_CONVERSION = YES;
				CLANG_WARN_NON_LITERAL_NULL_CONVERSION = YES;
				CLANG_WARN_OBJC_IMPLICIT_RETAIN_SELF = YES;
				CLANG_WARN_OBJC_LITERAL_CONVERSION = YES;
				CLANG_WARN_OBJC_ROOT_CLASS = YES_ERROR;
				CLANG_WARN_QUOTED_INCLUDE_IN_FRAMEWORK_HEADER = YES;
				CLANG_WARN_RANGE_LOOP_ANALYSIS = YES;
				CLANG_WARN_STRICT_PROTOTYPES = YES;
				CLANG_WARN_SUSPICIOUS_MOVE = YES;
				CLANG_WARN_UNGUARDED_AVAILABILITY = YES_AGGRESSIVE;
				CLANG_WARN_UNREACHABLE_CODE = YES;
				CLANG_WARN__DUPLICATE_METHOD_MATCH = YES;
				COPY_PHASE_STRIP = NO;
				DEBUG_INFORMATION_FORMAT = "dwarf-with-dsym";
				ENABLE_NS_ASSERTIONS = NO;
				ENABLE_STRICT_OBJC_MSGSEND = YES;
				GCC_C_LANGUAGE_STANDARD = gnu11;
				GCC_NO_COMMON_BLOCKS = YES;
				GCC_WARN_64_TO_32_BIT_CONVERSION = YES;
				GCC_WARN_ABOUT_RETURN_TYPE = YES_ERROR;
				GCC_WARN_UNDECLARED_SELECTOR = YES;
				GCC_WARN_UNINITIALIZED_AUTOS = YES_AGGRESSIVE;
				GCC_WARN_UNUSED_FUNCTION = YES;
				GCC_WARN_UNUSED_VARIABLE = YES;
				IPHONEOS_DEPLOYMENT_TARGET = 15.0;
				MTL_ENABLE_DEBUG_INFO = NO;
				MTL_FAST_MATH = YES;
				SDKROOT = iphoneos;
				SWIFT_COMPILATION_MODE = wholemodule;
				SWIFT_OPTIMIZATION_LEVEL = "-O";
				VALIDATE_PRODUCT = YES;
			};
			name = Release;
		};
		37E3D1C426CC025D0084DAB5 /* Debug */ = {
			isa = XCBuildConfiguration;
			buildSettings = {
				ASSETCATALOG_COMPILER_APPICON_NAME = AppIcon;
				ASSETCATALOG_COMPILER_GLOBAL_ACCENT_COLOR_NAME = AccentColor;
				CODE_SIGN_IDENTITY = "Apple Development";
				CODE_SIGN_STYLE = Automatic;
				CURRENT_PROJECT_VERSION = 1;
				DEVELOPMENT_ASSET_PATHS = "\"Reverie/Resources/Preview Content\"";
				DEVELOPMENT_TEAM = FV3GZQ2A9F;
				ENABLE_PREVIEWS = YES;
				GENERATE_INFOPLIST_FILE = YES;
				INFOPLIST_FILE = Reverie/Info.plist;
				INFOPLIST_KEY_NSAppleMusicUsageDescription = "Allow access to Apple Music to allow playing back tracks.";
				INFOPLIST_KEY_UIApplicationSceneManifest_Generation = YES;
				INFOPLIST_KEY_UIApplicationSupportsIndirectInputEvents = YES;
				INFOPLIST_KEY_UILaunchScreen_Generation = YES;
				INFOPLIST_KEY_UISupportedInterfaceOrientations_iPad = "UIInterfaceOrientationPortrait UIInterfaceOrientationPortraitUpsideDown UIInterfaceOrientationLandscapeLeft UIInterfaceOrientationLandscapeRight";
				INFOPLIST_KEY_UISupportedInterfaceOrientations_iPhone = "UIInterfaceOrientationPortrait UIInterfaceOrientationLandscapeLeft UIInterfaceOrientationLandscapeRight";
				IPHONEOS_DEPLOYMENT_TARGET = 15.0;
				LD_RUNPATH_SEARCH_PATHS = (
					"$(inherited)",
					"@executable_path/Frameworks",
				);
				MARKETING_VERSION = 2021.1;
				PRODUCT_BUNDLE_IDENTIFIER = co.danwilliams.Reverie;
				PRODUCT_NAME = Reverie;
				PROVISIONING_PROFILE_SPECIFIER = "";
				SWIFT_EMIT_LOC_STRINGS = YES;
				SWIFT_VERSION = 5.0;
				TARGETED_DEVICE_FAMILY = "1,2";
			};
			name = Debug;
		};
		37E3D1C526CC025D0084DAB5 /* Release */ = {
			isa = XCBuildConfiguration;
			buildSettings = {
				ASSETCATALOG_COMPILER_APPICON_NAME = AppIcon;
				ASSETCATALOG_COMPILER_GLOBAL_ACCENT_COLOR_NAME = AccentColor;
				CODE_SIGN_IDENTITY = "iPhone Distribution";
				CODE_SIGN_STYLE = Manual;
				CURRENT_PROJECT_VERSION = 1;
				DEVELOPMENT_ASSET_PATHS = "\"Reverie/Resources/Preview Content\"";
				DEVELOPMENT_TEAM = FV3GZQ2A9F;
				ENABLE_PREVIEWS = YES;
				GENERATE_INFOPLIST_FILE = YES;
				INFOPLIST_FILE = Reverie/Info.plist;
				INFOPLIST_KEY_NSAppleMusicUsageDescription = "Allow access to Apple Music to allow playing back tracks.";
				INFOPLIST_KEY_UIApplicationSceneManifest_Generation = YES;
				INFOPLIST_KEY_UIApplicationSupportsIndirectInputEvents = YES;
				INFOPLIST_KEY_UILaunchScreen_Generation = YES;
				INFOPLIST_KEY_UISupportedInterfaceOrientations_iPad = "UIInterfaceOrientationPortrait UIInterfaceOrientationPortraitUpsideDown UIInterfaceOrientationLandscapeLeft UIInterfaceOrientationLandscapeRight";
				INFOPLIST_KEY_UISupportedInterfaceOrientations_iPhone = "UIInterfaceOrientationPortrait UIInterfaceOrientationLandscapeLeft UIInterfaceOrientationLandscapeRight";
				IPHONEOS_DEPLOYMENT_TARGET = 15.0;
				LD_RUNPATH_SEARCH_PATHS = (
					"$(inherited)",
					"@executable_path/Frameworks",
				);
				MARKETING_VERSION = 2021.1;
				PRODUCT_BUNDLE_IDENTIFIER = co.danwilliams.Reverie;
				PRODUCT_NAME = Reverie;
				PROVISIONING_PROFILE_SPECIFIER = "Reverie App Store";
				SWIFT_EMIT_LOC_STRINGS = YES;
				SWIFT_VERSION = 5.0;
				TARGETED_DEVICE_FAMILY = "1,2";
			};
			name = Release;
		};
/* End XCBuildConfiguration section */

/* Begin XCConfigurationList section */
		37E3D1B026CC025B0084DAB5 /* Build configuration list for PBXProject "Reverie" */ = {
			isa = XCConfigurationList;
			buildConfigurations = (
				37E3D1C126CC025D0084DAB5 /* Debug */,
				37E3D1C226CC025D0084DAB5 /* Release */,
			);
			defaultConfigurationIsVisible = 0;
			defaultConfigurationName = Release;
		};
		37E3D1C326CC025D0084DAB5 /* Build configuration list for PBXNativeTarget "Reverie" */ = {
			isa = XCConfigurationList;
			buildConfigurations = (
				37E3D1C426CC025D0084DAB5 /* Debug */,
				37E3D1C526CC025D0084DAB5 /* Release */,
			);
			defaultConfigurationIsVisible = 0;
			defaultConfigurationName = Release;
		};
/* End XCConfigurationList section */

/* Begin XCSwiftPackageProductDependency section */
		37D4C5BB27A45038007EE34B /* AppFeature */ = {
			isa = XCSwiftPackageProductDependency;
			productName = AppFeature;
		};
/* End XCSwiftPackageProductDependency section */
	};
	rootObject = 37E3D1AD26CC025B0084DAB5 /* Project object */;
}
